
Microsoft Visual Studio Solution File, Format Version 12.00
# Visual Studio Version 17
VisualStudioVersion = 17.6.33723.286
MinimumVisualStudioVersion = 10.0.40219.1
Project("{FAE04EC0-301F-11D3-BF4B-00C04F79EFBC}") = "WPFLazyTreeView", "WPFLazyTreeView\WPFLazyTreeView.csproj", "{434C7EE5-B12A-4194-9801-7FCC88022C4A}"
EndProject
Global
	GlobalSection(SolutionConfigurationPlatforms) = preSolution
		Debug|Any CPU = Debug|Any CPU
		Release|Any CPU = Release|Any CPU
	EndGlobalSection
	GlobalSection(ProjectConfigurationPlatforms) = postSolution
		{434C7EE5-B12A-4194-9801-7FCC88022C4A}.Debug|Any CPU.ActiveCfg = Debug|Any CPU
		{434C7EE5-B12A-4194-9801-7FCC88022C4A}.Debug|Any CPU.Build.0 = Debug|Any CPU
		{434C7EE5-B12A-4194-9801-7FCC88022C4A}.Release|Any CPU.ActiveCfg = Release|Any CPU
		{434C7EE5-B12A-4194-9801-7FCC88022C4A}.Release|Any CPU.Build.0 = Release|Any CPU
	EndGlobalSection
	GlobalSection(SolutionProperties) = preSolution
		HideSolutionNode = FALSE
	EndGlobalSection
	GlobalSection(ExtensibilityGlobals) = postSolution
		SolutionGuid = {67F4BA22-D366-4A93-BE61-5BD58DF1C088}
	EndGlobalSection
EndGlobal
